
Microsoft Visual Studio Solution File, Format Version 12.00
# Visual Studio Version 16
VisualStudioVersion = 16.0.30011.22
MinimumVisualStudioVersion = 10.0.40219.1
Project("{FAE04EC0-301F-11D3-BF4B-00C04F79EFBC}") = "MVCAppWithDB", "MVCAppWithDB\MVCAppWithDB.csproj", "{F71D94C2-3C80-4253-96BE-3538131F8B4D}"
EndProject
Project("{FAE04EC0-301F-11D3-BF4B-00C04F79EFBC}") = "MyApp.Db", "MyApp.Db\MyApp.Db.csproj", "{D586EEB3-15C6-4D77-AD5D-44213573F9AD}"
EndProject
Project("{FAE04EC0-301F-11D3-BF4B-00C04F79EFBC}") = "MyApp.Models", "MyApp.Models\MyApp.Models.csproj", "{2F14C9E6-2729-422F-BFA2-EE1F086A93CE}"
EndProject
Global
	GlobalSection(SolutionConfigurationPlatforms) = preSolution
		Debug|Any CPU = Debug|Any CPU
		Release|Any CPU = Release|Any CPU
	EndGlobalSection
	GlobalSection(ProjectConfigurationPlatforms) = postSolution
		{F71D94C2-3C80-4253-96BE-3538131F8B4D}.Debug|Any CPU.ActiveCfg = Debug|Any CPU
		{F71D94C2-3C80-4253-96BE-3538131F8B4D}.Debug|Any CPU.Build.0 = Debug|Any CPU
		{F71D94C2-3C80-4253-96BE-3538131F8B4D}.Release|Any CPU.ActiveCfg = Release|Any CPU
		{F71D94C2-3C80-4253-96BE-3538131F8B4D}.Release|Any CPU.Build.0 = Release|Any CPU
		{D586EEB3-15C6-4D77-AD5D-44213573F9AD}.Debug|Any CPU.ActiveCfg = Debug|Any CPU
		{D586EEB3-15C6-4D77-AD5D-44213573F9AD}.Debug|Any CPU.Build.0 = Debug|Any CPU
		{D586EEB3-15C6-4D77-AD5D-44213573F9AD}.Release|Any CPU.ActiveCfg = Release|Any CPU
		{D586EEB3-15C6-4D77-AD5D-44213573F9AD}.Release|Any CPU.Build.0 = Release|Any CPU
		{2F14C9E6-2729-422F-BFA2-EE1F086A93CE}.Debug|Any CPU.ActiveCfg = Debug|Any CPU
		{2F14C9E6-2729-422F-BFA2-EE1F086A93CE}.Debug|Any CPU.Build.0 = Debug|Any CPU
		{2F14C9E6-2729-422F-BFA2-EE1F086A93CE}.Release|Any CPU.ActiveCfg = Release|Any CPU
		{2F14C9E6-2729-422F-BFA2-EE1F086A93CE}.Release|Any CPU.Build.0 = Release|Any CPU
	EndGlobalSection
	GlobalSection(SolutionProperties) = preSolution
		HideSolutionNode = FALSE
	EndGlobalSection
	GlobalSection(ExtensibilityGlobals) = postSolution
		SolutionGuid = {20AAAE1A-F741-4DA5-B634-5E6B1A24011C}
	EndGlobalSection
EndGlobal
